{
  "name": "asterisk-ami-sample",
  "version": "1.0.0",
  "lockfileVersion": 1,
  "requires": true,
  "dependencies": {
    "ami-io": {
      "version": "1.2.1",
      "resolved": "https://registry.npmjs.org/ami-io/-/ami-io-1.2.1.tgz",
      "integrity": "sha512-aBXo6FPB+6qwJkpeRp+6/ulxhvYlzf9++d9XyJNjz06Ipk9hP4f+PchqYVbAMBh4e3HI+ivIvKv98IliEqy7jA=="
    }
  }
}
